
Microsoft Visual Studio Solution File, Format Version 12.00
# Visual Studio Version 17
VisualStudioVersion = 17.14.36414.22 d17.14
MinimumVisualStudioVersion = 10.0.40219.1
Project("{FAE04EC0-301F-11D3-BF4B-00C04F79EFBC}") = "GW.Demo.Maui", "GW.Demo.Maui\GW.Demo.Maui.csproj", "{440ED6DA-E49A-46BE-93FB-60B5321279C2}"
EndProject
Global
	GlobalSection(SolutionConfigurationPlatforms) = preSolution
		Debug|Any CPU = Debug|Any CPU
		Release|Any CPU = Release|Any CPU
	EndGlobalSection
	GlobalSection(ProjectConfigurationPlatforms) = postSolution
		{440ED6DA-E49A-46BE-93FB-60B5321279C2}.Debug|Any CPU.ActiveCfg = Debug|Any CPU
		{440ED6DA-E49A-46BE-93FB-60B5321279C2}.Debug|Any CPU.Build.0 = Debug|Any CPU
		{440ED6DA-E49A-46BE-93FB-60B5321279C2}.Release|Any CPU.ActiveCfg = Release|Any CPU
		{440ED6DA-E49A-46BE-93FB-60B5321279C2}.Release|Any CPU.Build.0 = Release|Any CPU
	EndGlobalSection
	GlobalSection(SolutionProperties) = preSolution
		HideSolutionNode = FALSE
	EndGlobalSection
	GlobalSection(ExtensibilityGlobals) = postSolution
		SolutionGuid = {7AD93AB5-7554-44C1-A67F-A3F82A6075EB}
	EndGlobalSection
EndGlobal
